// !$*UTF8*$!
{
	archiveVersion = 1;
	classes = {
	};
	objectVersion = 46;
	objects = {

/* Begin PBXBuildFile section */
		9B8F19691C6EA9B8009721A6 /* MapTableViewCell.swift in Sources */ = {isa = PBXBuildFile; fileRef = 9B8F19681C6EA9B8009721A6 /* MapTableViewCell.swift */; };
		9B9D72C51C6E2A5C001826AF /* AppDelegate.swift in Sources */ = {isa = PBXBuildFile; fileRef = 9B9D72C41C6E2A5C001826AF /* AppDelegate.swift */; };
		9B9D72C71C6E2A5C001826AF /* ViewController.swift in Sources */ = {isa = PBXBuildFile; fileRef = 9B9D72C61C6E2A5C001826AF /* ViewController.swift */; };
		9B9D72CA1C6E2A5C001826AF /* Main.storyboard in Resources */ = {isa = PBXBuildFile; fileRef = 9B9D72C81C6E2A5C001826AF /* Main.storyboard */; };
		9B9D72CD1C6E2A5C001826AF /* My_Favorite_Places.xcdatamodeld in Sources */ = {isa = PBXBuildFile; fileRef = 9B9D72CB1C6E2A5C001826AF /* My_Favorite_Places.xcdatamodeld */; };
		9B9D72CF1C6E2A5C001826AF /* Assets.xcassets in Resources */ = {isa = PBXBuildFile; fileRef = 9B9D72CE1C6E2A5C001826AF /* Assets.xcassets */; };
		9B9D72D21C6E2A5C001826AF /* LaunchScreen.storyboard in Resources */ = {isa = PBXBuildFile; fileRef = 9B9D72D01C6E2A5C001826AF /* LaunchScreen.storyboard */; };
		9B9D72DB1C6E2DA1001826AF /* Favorite+CoreDataProperties.swift in Sources */ = {isa = PBXBuildFile; fileRef = 9B9D72D91C6E2DA1001826AF /* Favorite+CoreDataProperties.swift */; };
		9B9D72DC1C6E2DA1001826AF /* Favorite.swift in Sources */ = {isa = PBXBuildFile; fileRef = 9B9D72DA1C6E2DA1001826AF /* Favorite.swift */; };
		9B9D72DE1C6E699F001826AF /* MapKit.framework in Frameworks */ = {isa = PBXBuildFile; fileRef = 9B9D72DD1C6E699F001826AF /* MapKit.framework */; };
		9BABB92B1C6FB3E300064AE7 /* NewFavoriteViewController.swift in Sources */ = {isa = PBXBuildFile; fileRef = 9BABB92A1C6FB3E300064AE7 /* NewFavoriteViewController.swift */; };
/* End PBXBuildFile section */

/* Begin PBXFileReference section */
		9B8F19681C6EA9B8009721A6 /* MapTableViewCell.swift */ = {isa = PBXFileReference; fileEncoding = 4; lastKnownFileType = sourcecode.swift; name = MapTableViewCell.swift; path = ../MapTableViewCell.swift; sourceTree = "<group>"; };
		9B9D72C11C6E2A5C001826AF /* My Favorite Places.app */ = {isa = PBXFileReference; explicitFileType = wrapper.application; includeInIndex = 0; path = "My Favorite Places.app"; sourceTree = BUILT_PRODUCTS_DIR; };
		9B9D72C41C6E2A5C001826AF /* AppDelegate.swift */ = {isa = PBXFileReference; lastKnownFileType = sourcecode.swift; path = AppDelegate.swift; sourceTree = "<group>"; };
		9B9D72C61C6E2A5C001826AF /* ViewController.swift */ = {isa = PBXFileReference; lastKnownFileType = sourcecode.swift; path = ViewController.swift; sourceTree = "<group>"; };
		9B9D72C91C6E2A5C001826AF /* Base */ = {isa = PBXFileReference; lastKnownFileType = file.storyboard; name = Base; path = Base.lproj/Main.storyboard; sourceTree = "<group>"; };
		9B9D72CC1C6E2A5C001826AF /* My_Favorite_Places.xcdatamodel */ = {isa = PBXFileReference; lastKnownFileType = wrapper.xcdatamodel; path = My_Favorite_Places.xcdatamodel; sourceTree = "<group>"; };
		9B9D72CE1C6E2A5C001826AF /* Assets.xcassets */ = {isa = PBXFileReference; lastKnownFileType = folder.assetcatalog; path = Assets.xcassets; sourceTree = "<group>"; };
		9B9D72D11C6E2A5C001826AF /* Base */ = {isa = PBXFileReference; lastKnownFileType = file.storyboard; name = Base; path = Base.lproj/LaunchScreen.storyboard; sourceTree = "<group>"; };
		9B9D72D31C6E2A5C001826AF /* Info.plist */ = {isa = PBXFileReference; lastKnownFileType = text.plist.xml; path = Info.plist; sourceTree = "<group>"; };
		9B9D72D91C6E2DA1001826AF /* Favorite+CoreDataProperties.swift */ = {isa = PBXFileReference; fileEncoding = 4; lastKnownFileType = sourcecode.swift; path = "Favorite+CoreDataProperties.swift"; sourceTree = "<group>"; };
		9B9D72DA1C6E2DA1001826AF /* Favorite.swift */ = {isa = PBXFileReference; fileEncoding = 4; lastKnownFileType = sourcecode.swift; path = Favorite.swift; sourceTree = "<group>"; };
		9B9D72DD1C6E699F001826AF /* MapKit.framework */ = {isa = PBXFileReference; lastKnownFileType = wrapper.framework; name = MapKit.framework; path = System/Library/Frameworks/MapKit.framework; sourceTree = SDKROOT; };
		9BABB92A1C6FB3E300064AE7 /* NewFavoriteViewController.swift */ = {isa = PBXFileReference; fileEncoding = 4; lastKnownFileType = sourcecode.swift; path = NewFavoriteViewController.swift; sourceTree = "<group>"; };
/* End PBXFileReference section */

/* Begin PBXFrameworksBuildPhase section */
		9B9D72BE1C6E2A5C001826AF /* Frameworks */ = {
			isa = PBXFrameworksBuildPhase;
			buildActionMask = 2147483647;
			files = (
				9B9D72DE1C6E699F001826AF /* MapKit.framework in Frameworks */,
			);
			runOnlyForDeploymentPostprocessing = 0;
		};
/* End PBXFrameworksBuildPhase section */

/* Begin PBXGroup section */
		9B9D72B81C6E2A5C001826AF = {
			isa = PBXGroup;
			children = (
				9B9D72DD1C6E699F001826AF /* MapKit.framework */,
				9B9D72D91C6E2DA1001826AF /* Favorite+CoreDataProperties.swift */,
				9B9D72DA1C6E2DA1001826AF /* Favorite.swift */,
				9B9D72C31C6E2A5C001826AF /* My Favorite Places */,
				9B9D72C21C6E2A5C001826AF /* Products */,
			);
			sourceTree = "<group>";
		};
		9B9D72C21C6E2A5C001826AF /* Products */ = {
			isa = PBXGroup;
			children = (
				9B9D72C11C6E2A5C001826AF /* My Favorite Places.app */,
			);
			name = Products;
			sourceTree = "<group>";
		};
		9B9D72C31C6E2A5C001826AF /* My Favorite Places */ = {
			isa = PBXGroup;
			children = (
				9B9D72C41C6E2A5C001826AF /* AppDelegate.swift */,
				9B9D72C61C6E2A5C001826AF /* ViewController.swift */,
				9B8F19681C6EA9B8009721A6 /* MapTableViewCell.swift */,
				9BABB92A1C6FB3E300064AE7 /* NewFavoriteViewController.swift */,
				9B9D72C81C6E2A5C001826AF /* Main.storyboard */,
				9B9D72CE1C6E2A5C001826AF /* Assets.xcassets */,
				9B9D72D01C6E2A5C001826AF /* LaunchScreen.storyboard */,
				9B9D72D31C6E2A5C001826AF /* Info.plist */,
				9B9D72CB1C6E2A5C001826AF /* My_Favorite_Places.xcdatamodeld */,
			);
			path = "My Favorite Places";
			sourceTree = "<group>";
		};
/* End PBXGroup section */

/* Begin PBXNativeTarget section */
		9B9D72C01C6E2A5C001826AF /* My Favorite Places */ = {
			isa = PBXNativeTarget;
			buildConfigurationList = 9B9D72D61C6E2A5C001826AF /* Build configuration list for PBXNativeTarget "My Favorite Places" */;
			buildPhases = (
				9B9D72BD1C6E2A5C001826AF /* Sources */,
				9B9D72BE1C6E2A5C001826AF /* Frameworks */,
				9B9D72BF1C6E2A5C001826AF /* Resources */,
			);
			buildRules = (
			);
			dependencies = (
			);
			name = "My Favorite Places";
			productName = "My Favorite Places";
			productReference = 9B9D72C11C6E2A5C001826AF /* My Favorite Places.app */;
			productType = "com.apple.product-type.application";
		};
/* End PBXNativeTarget section */

/* Begin PBXProject section */
		9B9D72B91C6E2A5C001826AF /* Project object */ = {
			isa = PBXProject;
			attributes = {
				LastSwiftUpdateCheck = 0720;
				LastUpgradeCheck = 0720;
				ORGANIZATIONNAME = "ROHIT GUPTA";
				TargetAttributes = {
					9B9D72C01C6E2A5C001826AF = {
						CreatedOnToolsVersion = 7.2.1;
					};
				};
			};
			buildConfigurationList = 9B9D72BC1C6E2A5C001826AF /* Build configuration list for PBXProject "My Favorite Places" */;
			compatibilityVersion = "Xcode 3.2";
			developmentRegion = English;
			hasScannedForEncodings = 0;
			knownRegions = (
				en,
				Base,
			);
			mainGroup = 9B9D72B81C6E2A5C001826AF;
			productRefGroup = 9B9D72C21C6E2A5C001826AF /* Products */;
			projectDirPath = "";
			projectRoot = "";
			targets = (
				9B9D72C01C6E2A5C001826AF /* My Favorite Places */,
			);
		};
/* End PBXProject section */

/* Begin PBXResourcesBuildPhase section */
		9B9D72BF1C6E2A5C001826AF /* Resources */ = {
			isa = PBXResourcesBuildPhase;
			buildActionMask = 2147483647;
			files = (
				9B9D72D21C6E2A5C001826AF /* LaunchScreen.storyboard in Resources */,
				9B9D72CF1C6E2A5C001826AF /* Assets.xcassets in Resources */,
				9B9D72CA1C6E2A5C001826AF /* Main.storyboard in Resources */,
			);
			runOnlyForDeploymentPostprocessing = 0;
		};
/* End PBXResourcesBuildPhase section */

/* Begin PBXSourcesBuildPhase section */
		9B9D72BD1C6E2A5C001826AF /* Sources */ = {
			isa = PBXSourcesBuildPhase;
			buildActionMask = 2147483647;
			files = (
				9B9D72DC1C6E2DA1001826AF /* Favorite.swift in Sources */,
				9B9D72C71C6E2A5C001826AF /* ViewController.swift in Sources */,
				9BABB92B1C6FB3E300064AE7 /* NewFavoriteViewController.swift in Sources */,
				9B8F19691C6EA9B8009721A6 /* MapTableViewCell.swift in Sources */,
				9B9D72DB1C6E2DA1001826AF /* Favorite+CoreDataProperties.swift in Sources */,
				9B9D72C51C6E2A5C001826AF /* AppDelegate.swift in Sources */,
				9B9D72CD1C6E2A5C001826AF /* My_Favorite_Places.xcdatamodeld in Sources */,
			);
			runOnlyForDeploymentPostprocessing = 0;
		};
/* End PBXSourcesBuildPhase section */

/* Begin PBXVariantGroup section */
		9B9D72C81C6E2A5C001826AF /* Main.storyboard */ = {
			isa = PBXVariantGroup;
			children = (
				9B9D72C91C6E2A5C001826AF /* Base */,
			);
			name = Main.storyboard;
			sourceTree = "<group>";
		};
		9B9D72D01C6E2A5C001826AF /* LaunchScreen.storyboard */ = {
			isa = PBXVariantGroup;
			children = (
				9B9D72D11C6E2A5C001826AF /* Base */,
			);
			name = LaunchScreen.storyboard;
			sourceTree = "<group>";
		};
/* End PBXVariantGroup section */

/* Begin XCBuildConfiguration section */
		9B9D72D41C6E2A5C001826AF /* Debug */ = {
			isa = XCBuildConfiguration;
			buildSettings = {
				ALWAYS_SEARCH_USER_PATHS = NO;
				CLANG_CXX_LANGUAGE_STANDARD = "gnu++0x";
				CLANG_CXX_LIBRARY = "libc++";
				CLANG_ENABLE_MODULES = YES;
				CLANG_ENABLE_OBJC_ARC = YES;
				CLANG_WARN_BOOL_CONVERSION = YES;
				CLANG_WARN_CONSTANT_CONVERSION = YES;
				CLANG_WARN_DIRECT_OBJC_ISA_USAGE = YES_ERROR;
				CLANG_WARN_EMPTY_BODY = YES;
				CLANG_WARN_ENUM_CONVERSION = YES;
				CLANG_WARN_INT_CONVERSION = YES;
				CLANG_WARN_OBJC_ROOT_CLASS = YES_ERROR;
				CLANG_WARN_UNREACHABLE_CODE = YES;
				CLANG_WARN__DUPLICATE_METHOD_MATCH = YES;
				"CODE_SIGN_IDENTITY[sdk=iphoneos*]" = "iPhone Developer";
				COPY_PHASE_STRIP = NO;
				DEBUG_INFORMATION_FORMAT = dwarf;
				ENABLE_STRICT_OBJC_MSGSEND = YES;
				ENABLE_TESTABILITY = YES;
				GCC_C_LANGUAGE_STANDARD = gnu99;
				GCC_DYNAMIC_NO_PIC = NO;
				GCC_NO_COMMON_BLOCKS = YES;
				GCC_OPTIMIZATION_LEVEL = 0;
				GCC_PREPROCESSOR_DEFINITIONS = (
					"DEBUG=1",
					"$(inherited)",
				);
				GCC_WARN_64_TO_32_BIT_CONVERSION = YES;
				GCC_WARN_ABOUT_RETURN_TYPE = YES_ERROR;
				GCC_WARN_UNDECLARED_SELECTOR = YES;
				GCC_WARN_UNINITIALIZED_AUTOS = YES_AGGRESSIVE;
				GCC_WARN_UNUSED_FUNCTION = YES;
				GCC_WARN_UNUSED_VARIABLE = YES;
				IPHONEOS_DEPLOYMENT_TARGET = 9.2;
				MTL_ENABLE_DEBUG_INFO = YES;
				ONLY_ACTIVE_ARCH = YES;
				SDKROOT = iphoneos;
				SWIFT_OPTIMIZATION_LEVEL = "-Onone";
				TARGETED_DEVICE_FAMILY = "1,2";
			};
			name = Debug;
		};
		9B9D72D51C6E2A5C001826AF /* Release */ = {
			isa = XCBuildConfiguration;
			buildSettings = {
				ALWAYS_SEARCH_USER_PATHS = NO;
				CLANG_CXX_LANGUAGE_STANDARD = "gnu++0x";
				CLANG_CXX_LIBRARY = "libc++";
				CLANG_ENABLE_MODULES = YES;
				CLANG_ENABLE_OBJC_ARC = YES;
				CLANG_WARN_BOOL_CONVERSION = YES;
				CLANG_WARN_CONSTANT_CONVERSION = YES;
				CLANG_WARN_DIRECT_OBJC_ISA_USAGE = YES_ERROR;
				CLANG_WARN_EMPTY_BODY = YES;
				CLANG_WARN_ENUM_CONVERSION = YES;
				CLANG_WARN_INT_CONVERSION = YES;
				CLANG_WARN_OBJC_ROOT_CLASS = YES_ERROR;
				CLANG_WARN_UNREACHABLE_CODE = YES;
				CLANG_WARN__DUPLICATE_METHOD_MATCH = YES;
				"CODE_SIGN_IDENTITY[sdk=iphoneos*]" = "iPhone Developer";
				COPY_PHASE_STRIP = NO;
				DEBUG_INFORMATION_FORMAT = "dwarf-with-dsym";
				ENABLE_NS_ASSERTIONS = NO;
				ENABLE_STRICT_OBJC_MSGSEND = YES;
				GCC_C_LANGUAGE_STANDARD = gnu99;
				GCC_NO_COMMON_BLOCKS = YES;
				GCC_WARN_64_TO_32_BIT_CONVERSION = YES;
				GCC_WARN_ABOUT_RETURN_TYPE = YES_ERROR;
				GCC_WARN_UNDECLARED_SELECTOR = YES;
				GCC_WARN_UNINITIALIZED_AUTOS = YES_AGGRESSIVE;
				GCC_WARN_UNUSED_FUNCTION = YES;
				GCC_WARN_UNUSED_VARIABLE = YES;
				IPHONEOS_DEPLOYMENT_TARGET = 9.2;
				MTL_ENABLE_DEBUG_INFO = NO;
				SDKROOT = iphoneos;
				TARGETED_DEVICE_FAMILY = "1,2";
				VALIDATE_PRODUCT = YES;
			};
			name = Release;
		};
		9B9D72D71C6E2A5C001826AF /* Debug */ = {
			isa = XCBuildConfiguration;
			buildSettings = {
				ASSETCATALOG_COMPILER_APPICON_NAME = AppIcon;
				INFOPLIST_FILE = "My Favorite Places/Info.plist";
				LD_RUNPATH_SEARCH_PATHS = "$(inherited) @executable_path/Frameworks";
				PRODUCT_BUNDLE_IDENTIFIER = "com.rohit.gupta.My-Favorite-Places";
				PRODUCT_NAME = "$(TARGET_NAME)";
			};
			name = Debug;
		};
		9B9D72D81C6E2A5C001826AF /* Release */ = {
			isa = XCBuildConfiguration;
			buildSettings = {
				ASSETCATALOG_COMPILER_APPICON_NAME = AppIcon;
				INFOPLIST_FILE = "My Favorite Places/Info.plist";
				LD_RUNPATH_SEARCH_PATHS = "$(inherited) @executable_path/Frameworks";
				PRODUCT_BUNDLE_IDENTIFIER = "com.rohit.gupta.My-Favorite-Places";
				PRODUCT_NAME = "$(TARGET_NAME)";
			};
			name = Release;
		};
/* End XCBuildConfiguration section */

/* Begin XCConfigurationList section */
		9B9D72BC1C6E2A5C001826AF /* Build configuration list for PBXProject "My Favorite Places" */ = {
			isa = XCConfigurationList;
			buildConfigurations = (
				9B9D72D41C6E2A5C001826AF /* Debug */,
				9B9D72D51C6E2A5C001826AF /* Release */,
			);
			defaultConfigurationIsVisible = 0;
			defaultConfigurationName = Release;
		};
		9B9D72D61C6E2A5C001826AF /* Build configuration list for PBXNativeTarget "My Favorite Places" */ = {
			isa = XCConfigurationList;
			buildConfigurations = (
				9B9D72D71C6E2A5C001826AF /* Debug */,
				9B9D72D81C6E2A5C001826AF /* Release */,
			);
			defaultConfigurationIsVisible = 0;
			defaultConfigurationName = Release;
		};
/* End XCConfigurationList section */

/* Begin XCVersionGroup section */
		9B9D72CB1C6E2A5C001826AF /* My_Favorite_Places.xcdatamodeld */ = {
			isa = XCVersionGroup;
			children = (
				9B9D72CC1C6E2A5C001826AF /* My_Favorite_Places.xcdatamodel */,
			);
			currentVersion = 9B9D72CC1C6E2A5C001826AF /* My_Favorite_Places.xcdatamodel */;
			path = My_Favorite_Places.xcdatamodeld;
			sourceTree = "<group>";
			versionGroupType = wrapper.xcdatamodel;
		};
/* End XCVersionGroup section */
	};
	rootObject = 9B9D72B91C6E2A5C001826AF /* Project object */;
}
